
Microsoft Visual Studio Solution File, Format Version 12.00
# Visual Studio Version 17
VisualStudioVersion = 17.4.33110.190
MinimumVisualStudioVersion = 10.0.40219.1
Project("{FAE04EC0-301F-11D3-BF4B-00C04F79EFBC}") = "ClosestString", "ClosestString\ClosestString.csproj", "{B76BBA87-877C-43F6-AD64-46265C45D0B0}"
EndProject
Project("{FAE04EC0-301F-11D3-BF4B-00C04F79EFBC}") = "Test", "Test\Test.csproj", "{BBD703D8-E929-4753-9072-DE7B9F60131D}"
EndProject
Global
	GlobalSection(SolutionConfigurationPlatforms) = preSolution
		Debug|Any CPU = Debug|Any CPU
		Release|Any CPU = Release|Any CPU
	EndGlobalSection
	GlobalSection(ProjectConfigurationPlatforms) = postSolution
		{B76BBA87-877C-43F6-AD64-46265C45D0B0}.Debug|Any CPU.ActiveCfg = Debug|Any CPU
		{B76BBA87-877C-43F6-AD64-46265C45D0B0}.Debug|Any CPU.Build.0 = Debug|Any CPU
		{B76BBA87-877C-43F6-AD64-46265C45D0B0}.Release|Any CPU.ActiveCfg = Release|Any CPU
		{B76BBA87-877C-43F6-AD64-46265C45D0B0}.Release|Any CPU.Build.0 = Release|Any CPU
		{BBD703D8-E929-4753-9072-DE7B9F60131D}.Debug|Any CPU.ActiveCfg = Debug|Any CPU
		{BBD703D8-E929-4753-9072-DE7B9F60131D}.Debug|Any CPU.Build.0 = Debug|Any CPU
		{BBD703D8-E929-4753-9072-DE7B9F60131D}.Release|Any CPU.ActiveCfg = Release|Any CPU
		{BBD703D8-E929-4753-9072-DE7B9F60131D}.Release|Any CPU.Build.0 = Release|Any CPU
	EndGlobalSection
	GlobalSection(SolutionProperties) = preSolution
		HideSolutionNode = FALSE
	EndGlobalSection
	GlobalSection(ExtensibilityGlobals) = postSolution
		SolutionGuid = {CA54D65E-8F01-4D2E-BE66-FFDDC9D7A746}
	EndGlobalSection
EndGlobal
